// !$*UTF8*$!
{
	archiveVersion = 1;
	classes = {
	};
	objectVersion = 56;
	objects = {

/* Begin PBXBuildFile section */
		49C23DE5297091450039F961 /* GoogleService-Info.plist in Resources */ = {isa = PBXBuildFile; fileRef = 49C23DE4297091450039F961 /* GoogleService-Info.plist */; };
		49C23DEA2970B2910039F961 /* FirebaseAuth in Frameworks */ = {isa = PBXBuildFile; productRef = 49C23DE92970B2910039F961 /* FirebaseAuth */; };
		49C23DEC2970B2970039F961 /* FirebaseFirestore in Frameworks */ = {isa = PBXBuildFile; productRef = 49C23DEB2970B2970039F961 /* FirebaseFirestore */; };
		49C23DEE2970B29E0039F961 /* FirebaseFirestoreSwift in Frameworks */ = {isa = PBXBuildFile; productRef = 49C23DED2970B29E0039F961 /* FirebaseFirestoreSwift */; };
		49C23DF12970C5230039F961 /* DateSelection.swift in Sources */ = {isa = PBXBuildFile; fileRef = 49C23DF02970C5230039F961 /* DateSelection.swift */; };
		49C23DF42970C9F60039F961 /* Schedule.swift in Sources */ = {isa = PBXBuildFile; fileRef = 49C23DF32970C9F60039F961 /* Schedule.swift */; };
		D72E3DE229688AF700656D7D /* CalendarView.swift in Sources */ = {isa = PBXBuildFile; fileRef = D72E3DE129688AF700656D7D /* CalendarView.swift */; };
		D72E3DE429688BF100656D7D /* CollectionView.swift in Sources */ = {isa = PBXBuildFile; fileRef = D72E3DE329688BF100656D7D /* CollectionView.swift */; };
		D72E3DE629688CD600656D7D /* SettingsView.swift in Sources */ = {isa = PBXBuildFile; fileRef = D72E3DE529688CD600656D7D /* SettingsView.swift */; };
		D72E3DE929699B1900656D7D /* TabBar in Frameworks */ = {isa = PBXBuildFile; productRef = D72E3DE829699B1900656D7D /* TabBar */; };
		D72E3DEB2969A92F00656D7D /* DropdownView.swift in Sources */ = {isa = PBXBuildFile; fileRef = D72E3DEA2969A92F00656D7D /* DropdownView.swift */; };
		D77294282969F8D100F6EBD4 /* Assignments.swift in Sources */ = {isa = PBXBuildFile; fileRef = D77294272969F8D100F6EBD4 /* Assignments.swift */; };
		D772942A296A16DA00F6EBD4 /* Chests.swift in Sources */ = {isa = PBXBuildFile; fileRef = D7729429296A16DA00F6EBD4 /* Chests.swift */; };
		D7A923CA29603B490057ECA1 /* dexterApp.swift in Sources */ = {isa = PBXBuildFile; fileRef = D7A923C929603B490057ECA1 /* dexterApp.swift */; };
		D7A923CE29603B4A0057ECA1 /* Assets.xcassets in Resources */ = {isa = PBXBuildFile; fileRef = D7A923CD29603B4A0057ECA1 /* Assets.xcassets */; };
		D7A923D129603B4A0057ECA1 /* Preview Assets.xcassets in Resources */ = {isa = PBXBuildFile; fileRef = D7A923D029603B4A0057ECA1 /* Preview Assets.xcassets */; };
		D7A923D829603B660057ECA1 /* RootView.swift in Sources */ = {isa = PBXBuildFile; fileRef = D7A923D729603B660057ECA1 /* RootView.swift */; };
		D7A923E1296040E90057ECA1 /* Util.swift in Sources */ = {isa = PBXBuildFile; fileRef = D7A923E0296040E90057ECA1 /* Util.swift */; };
		D7A923E3296041830057ECA1 /* LoginView.swift in Sources */ = {isa = PBXBuildFile; fileRef = D7A923E2296041830057ECA1 /* LoginView.swift */; };
		D7A923E5296042750057ECA1 /* HomeView.swift in Sources */ = {isa = PBXBuildFile; fileRef = D7A923E4296042750057ECA1 /* HomeView.swift */; };
		D7AEFC702967883500EFA6C5 /* ProgressBar.swift in Sources */ = {isa = PBXBuildFile; fileRef = D7AEFC6F2967883500EFA6C5 /* ProgressBar.swift */; };
/* End PBXBuildFile section */

/* Begin PBXFileReference section */
		49C23DE4297091450039F961 /* GoogleService-Info.plist */ = {isa = PBXFileReference; fileEncoding = 4; lastKnownFileType = text.plist.xml; path = "GoogleService-Info.plist"; sourceTree = "<group>"; };
		49C23DF02970C5230039F961 /* DateSelection.swift */ = {isa = PBXFileReference; lastKnownFileType = sourcecode.swift; path = DateSelection.swift; sourceTree = "<group>"; };
		49C23DF32970C9F60039F961 /* Schedule.swift */ = {isa = PBXFileReference; lastKnownFileType = sourcecode.swift; path = Schedule.swift; sourceTree = "<group>"; };
		D72E3DE129688AF700656D7D /* CalendarView.swift */ = {isa = PBXFileReference; lastKnownFileType = sourcecode.swift; path = CalendarView.swift; sourceTree = "<group>"; };
		D72E3DE329688BF100656D7D /* CollectionView.swift */ = {isa = PBXFileReference; lastKnownFileType = sourcecode.swift; path = CollectionView.swift; sourceTree = "<group>"; };
		D72E3DE529688CD600656D7D /* SettingsView.swift */ = {isa = PBXFileReference; lastKnownFileType = sourcecode.swift; path = SettingsView.swift; sourceTree = "<group>"; };
		D72E3DEA2969A92F00656D7D /* DropdownView.swift */ = {isa = PBXFileReference; lastKnownFileType = sourcecode.swift; path = DropdownView.swift; sourceTree = "<group>"; };
		D77294272969F8D100F6EBD4 /* Assignments.swift */ = {isa = PBXFileReference; lastKnownFileType = sourcecode.swift; path = Assignments.swift; sourceTree = "<group>"; };
		D7729429296A16DA00F6EBD4 /* Chests.swift */ = {isa = PBXFileReference; lastKnownFileType = sourcecode.swift; path = Chests.swift; sourceTree = "<group>"; };
		D7A923C629603B490057ECA1 /* dexter.app */ = {isa = PBXFileReference; explicitFileType = wrapper.application; includeInIndex = 0; path = dexter.app; sourceTree = BUILT_PRODUCTS_DIR; };
		D7A923C929603B490057ECA1 /* dexterApp.swift */ = {isa = PBXFileReference; lastKnownFileType = sourcecode.swift; path = dexterApp.swift; sourceTree = "<group>"; };
		D7A923CD29603B4A0057ECA1 /* Assets.xcassets */ = {isa = PBXFileReference; lastKnownFileType = folder.assetcatalog; path = Assets.xcassets; sourceTree = "<group>"; };
		D7A923D029603B4A0057ECA1 /* Preview Assets.xcassets */ = {isa = PBXFileReference; lastKnownFileType = folder.assetcatalog; path = "Preview Assets.xcassets"; sourceTree = "<group>"; };
		D7A923D729603B660057ECA1 /* RootView.swift */ = {isa = PBXFileReference; lastKnownFileType = sourcecode.swift; path = RootView.swift; sourceTree = "<group>"; };
		D7A923E0296040E90057ECA1 /* Util.swift */ = {isa = PBXFileReference; lastKnownFileType = sourcecode.swift; path = Util.swift; sourceTree = "<group>"; };
		D7A923E2296041830057ECA1 /* LoginView.swift */ = {isa = PBXFileReference; lastKnownFileType = sourcecode.swift; path = LoginView.swift; sourceTree = "<group>"; };
		D7A923E4296042750057ECA1 /* HomeView.swift */ = {isa = PBXFileReference; lastKnownFileType = sourcecode.swift; path = HomeView.swift; sourceTree = "<group>"; };
		D7AEFC6F2967883500EFA6C5 /* ProgressBar.swift */ = {isa = PBXFileReference; lastKnownFileType = sourcecode.swift; path = ProgressBar.swift; sourceTree = "<group>"; };
/* End PBXFileReference section */

/* Begin PBXFrameworksBuildPhase section */
		D7A923C329603B490057ECA1 /* Frameworks */ = {
			isa = PBXFrameworksBuildPhase;
			buildActionMask = 2147483647;
			files = (
				D72E3DE929699B1900656D7D /* TabBar in Frameworks */,
				49C23DEA2970B2910039F961 /* FirebaseAuth in Frameworks */,
				49C23DEC2970B2970039F961 /* FirebaseFirestore in Frameworks */,
				49C23DEE2970B29E0039F961 /* FirebaseFirestoreSwift in Frameworks */,
			);
			runOnlyForDeploymentPostprocessing = 0;
		};
/* End PBXFrameworksBuildPhase section */

/* Begin PBXGroup section */
		49C23DE82970B2910039F961 /* Frameworks */ = {
			isa = PBXGroup;
			children = (
			);
			name = Frameworks;
			sourceTree = "<group>";
		};
		49C23DEF2970C5020039F961 /* CalendarViewAssets */ = {
			isa = PBXGroup;
			children = (
				49C23DF02970C5230039F961 /* DateSelection.swift */,
				49C23DF32970C9F60039F961 /* Schedule.swift */,
			);
			path = CalendarViewAssets;
			sourceTree = "<group>";
		};
		D7A923BD29603B490057ECA1 = {
			isa = PBXGroup;
			children = (
				D7A923C829603B490057ECA1 /* dexter */,
				D7A923C729603B490057ECA1 /* Products */,
				49C23DE82970B2910039F961 /* Frameworks */,
			);
			sourceTree = "<group>";
		};
		D7A923C729603B490057ECA1 /* Products */ = {
			isa = PBXGroup;
			children = (
				D7A923C629603B490057ECA1 /* dexter.app */,
			);
			name = Products;
			sourceTree = "<group>";
		};
		D7A923C829603B490057ECA1 /* dexter */ = {
			isa = PBXGroup;
			children = (
				49C23DEF2970C5020039F961 /* CalendarViewAssets */,
				49C23DE4297091450039F961 /* GoogleService-Info.plist */,
				D7AEFC6E2967880C00EFA6C5 /* HomeViewAssets */,
				D7A923C929603B490057ECA1 /* dexterApp.swift */,
				D7A923D729603B660057ECA1 /* RootView.swift */,
				D7A923E0296040E90057ECA1 /* Util.swift */,
				D7A923E2296041830057ECA1 /* LoginView.swift */,
				D7A923E4296042750057ECA1 /* HomeView.swift */,
				D7A923CD29603B4A0057ECA1 /* Assets.xcassets */,
				D7A923CF29603B4A0057ECA1 /* Preview Content */,
				D72E3DE129688AF700656D7D /* CalendarView.swift */,
				D72E3DE329688BF100656D7D /* CollectionView.swift */,
				D72E3DE529688CD600656D7D /* SettingsView.swift */,
				D72E3DEA2969A92F00656D7D /* DropdownView.swift */,
			);
			path = dexter;
			sourceTree = "<group>";
		};
		D7A923CF29603B4A0057ECA1 /* Preview Content */ = {
			isa = PBXGroup;
			children = (
				D7A923D029603B4A0057ECA1 /* Preview Assets.xcassets */,
			);
			path = "Preview Content";
			sourceTree = "<group>";
		};
		D7AEFC6E2967880C00EFA6C5 /* HomeViewAssets */ = {
			isa = PBXGroup;
			children = (
				D7AEFC6F2967883500EFA6C5 /* ProgressBar.swift */,
				D77294272969F8D100F6EBD4 /* Assignments.swift */,
				D7729429296A16DA00F6EBD4 /* Chests.swift */,
			);
			path = HomeViewAssets;
			sourceTree = "<group>";
		};
/* End PBXGroup section */

/* Begin PBXNativeTarget section */
		D7A923C529603B490057ECA1 /* dexter */ = {
			isa = PBXNativeTarget;
			buildConfigurationList = D7A923D429603B4A0057ECA1 /* Build configuration list for PBXNativeTarget "dexter" */;
			buildPhases = (
				D7A923C229603B490057ECA1 /* Sources */,
				D7A923C329603B490057ECA1 /* Frameworks */,
				D7A923C429603B490057ECA1 /* Resources */,
			);
			buildRules = (
			);
			dependencies = (
			);
			name = dexter;
			packageProductDependencies = (
				D72E3DE829699B1900656D7D /* TabBar */,
				49C23DE92970B2910039F961 /* FirebaseAuth */,
				49C23DEB2970B2970039F961 /* FirebaseFirestore */,
				49C23DED2970B29E0039F961 /* FirebaseFirestoreSwift */,
			);
			productName = dexter;
			productReference = D7A923C629603B490057ECA1 /* dexter.app */;
			productType = "com.apple.product-type.application";
		};
/* End PBXNativeTarget section */

/* Begin PBXProject section */
		D7A923BE29603B490057ECA1 /* Project object */ = {
			isa = PBXProject;
			attributes = {
				BuildIndependentTargetsInParallel = 1;
				LastSwiftUpdateCheck = 1310;
				LastUpgradeCheck = 1310;
				TargetAttributes = {
					D7A923C529603B490057ECA1 = {
						CreatedOnToolsVersion = 13.1;
					};
				};
			};
			buildConfigurationList = D7A923C129603B490057ECA1 /* Build configuration list for PBXProject "dexter" */;
			compatibilityVersion = "Xcode 14.0";
			developmentRegion = en;
			hasScannedForEncodings = 0;
			knownRegions = (
				en,
				Base,
			);
			mainGroup = D7A923BD29603B490057ECA1;
			packageReferences = (
				D72E3DE729699B1900656D7D /* XCRemoteSwiftPackageReference "TabBar" */,
				49C23DE7297098D50039F961 /* XCRemoteSwiftPackageReference "firebase-ios-sdk" */,
			);
			productRefGroup = D7A923C729603B490057ECA1 /* Products */;
			projectDirPath = "";
			projectRoot = "";
			targets = (
				D7A923C529603B490057ECA1 /* dexter */,
			);
		};
/* End PBXProject section */

/* Begin PBXResourcesBuildPhase section */
		D7A923C429603B490057ECA1 /* Resources */ = {
			isa = PBXResourcesBuildPhase;
			buildActionMask = 2147483647;
			files = (
				D7A923D129603B4A0057ECA1 /* Preview Assets.xcassets in Resources */,
				D7A923CE29603B4A0057ECA1 /* Assets.xcassets in Resources */,
				49C23DE5297091450039F961 /* GoogleService-Info.plist in Resources */,
			);
			runOnlyForDeploymentPostprocessing = 0;
		};
/* End PBXResourcesBuildPhase section */

/* Begin PBXSourcesBuildPhase section */
		D7A923C229603B490057ECA1 /* Sources */ = {
			isa = PBXSourcesBuildPhase;
			buildActionMask = 2147483647;
			files = (
				49C23DF12970C5230039F961 /* DateSelection.swift in Sources */,
				D7A923CA29603B490057ECA1 /* dexterApp.swift in Sources */,
				D72E3DE229688AF700656D7D /* CalendarView.swift in Sources */,
				D7AEFC702967883500EFA6C5 /* ProgressBar.swift in Sources */,
				D77294282969F8D100F6EBD4 /* Assignments.swift in Sources */,
				D72E3DE629688CD600656D7D /* SettingsView.swift in Sources */,
				D7A923E1296040E90057ECA1 /* Util.swift in Sources */,
				D72E3DEB2969A92F00656D7D /* DropdownView.swift in Sources */,
				D7A923E3296041830057ECA1 /* LoginView.swift in Sources */,
				D7A923E5296042750057ECA1 /* HomeView.swift in Sources */,
				D772942A296A16DA00F6EBD4 /* Chests.swift in Sources */,
				D72E3DE429688BF100656D7D /* CollectionView.swift in Sources */,
				D7A923D829603B660057ECA1 /* RootView.swift in Sources */,
				49C23DF42970C9F60039F961 /* Schedule.swift in Sources */,
			);
			runOnlyForDeploymentPostprocessing = 0;
		};
/* End PBXSourcesBuildPhase section */

/* Begin XCBuildConfiguration section */
		D7A923D229603B4A0057ECA1 /* Debug */ = {
			isa = XCBuildConfiguration;
			buildSettings = {
				ALWAYS_SEARCH_USER_PATHS = NO;
				CLANG_ANALYZER_NONNULL = YES;
				CLANG_ANALYZER_NUMBER_OBJECT_CONVERSION = YES_AGGRESSIVE;
				CLANG_CXX_LANGUAGE_STANDARD = "gnu++17";
				CLANG_CXX_LIBRARY = "libc++";
				CLANG_ENABLE_MODULES = YES;
				CLANG_ENABLE_OBJC_ARC = YES;
				CLANG_ENABLE_OBJC_WEAK = YES;
				CLANG_WARN_BLOCK_CAPTURE_AUTORELEASING = YES;
				CLANG_WARN_BOOL_CONVERSION = YES;
				CLANG_WARN_COMMA = YES;
				CLANG_WARN_CONSTANT_CONVERSION = YES;
				CLANG_WARN_DEPRECATED_OBJC_IMPLEMENTATIONS = YES;
				CLANG_WARN_DIRECT_OBJC_ISA_USAGE = YES_ERROR;
				CLANG_WARN_DOCUMENTATION_COMMENTS = YES;
				CLANG_WARN_EMPTY_BODY = YES;
				CLANG_WARN_ENUM_CONVERSION = YES;
				CLANG_WARN_INFINITE_RECURSION = YES;
				CLANG_WARN_INT_CONVERSION = YES;
				CLANG_WARN_NON_LITERAL_NULL_CONVERSION = YES;
				CLANG_WARN_OBJC_IMPLICIT_RETAIN_SELF = YES;
				CLANG_WARN_OBJC_LITERAL_CONVERSION = YES;
				CLANG_WARN_OBJC_ROOT_CLASS = YES_ERROR;
				CLANG_WARN_QUOTED_INCLUDE_IN_FRAMEWORK_HEADER = YES;
				CLANG_WARN_RANGE_LOOP_ANALYSIS = YES;
				CLANG_WARN_STRICT_PROTOTYPES = YES;
				CLANG_WARN_SUSPICIOUS_MOVE = YES;
				CLANG_WARN_UNGUARDED_AVAILABILITY = YES_AGGRESSIVE;
				CLANG_WARN_UNREACHABLE_CODE = YES;
				CLANG_WARN__DUPLICATE_METHOD_MATCH = YES;
				COPY_PHASE_STRIP = NO;
				DEBUG_INFORMATION_FORMAT = dwarf;
				ENABLE_STRICT_OBJC_MSGSEND = YES;
				ENABLE_TESTABILITY = YES;
				GCC_C_LANGUAGE_STANDARD = gnu11;
				GCC_DYNAMIC_NO_PIC = NO;
				GCC_NO_COMMON_BLOCKS = YES;
				GCC_OPTIMIZATION_LEVEL = 0;
				GCC_PREPROCESSOR_DEFINITIONS = (
					"DEBUG=1",
					"$(inherited)",
				);
				GCC_WARN_64_TO_32_BIT_CONVERSION = YES;
				GCC_WARN_ABOUT_RETURN_TYPE = YES_ERROR;
				GCC_WARN_UNDECLARED_SELECTOR = YES;
				GCC_WARN_UNINITIALIZED_AUTOS = YES_AGGRESSIVE;
				GCC_WARN_UNUSED_FUNCTION = YES;
				GCC_WARN_UNUSED_VARIABLE = YES;
				IPHONEOS_DEPLOYMENT_TARGET = 15.0;
				MTL_ENABLE_DEBUG_INFO = INCLUDE_SOURCE;
				MTL_FAST_MATH = YES;
				ONLY_ACTIVE_ARCH = YES;
				SDKROOT = iphoneos;
				SWIFT_ACTIVE_COMPILATION_CONDITIONS = DEBUG;
				SWIFT_OPTIMIZATION_LEVEL = "-Onone";
			};
			name = Debug;
		};
		D7A923D329603B4A0057ECA1 /* Release */ = {
			isa = XCBuildConfiguration;
			buildSettings = {
				ALWAYS_SEARCH_USER_PATHS = NO;
				CLANG_ANALYZER_NONNULL = YES;
				CLANG_ANALYZER_NUMBER_OBJECT_CONVERSION = YES_AGGRESSIVE;
				CLANG_CXX_LANGUAGE_STANDARD = "gnu++17";
				CLANG_CXX_LIBRARY = "libc++";
				CLANG_ENABLE_MODULES = YES;
				CLANG_ENABLE_OBJC_ARC = YES;
				CLANG_ENABLE_OBJC_WEAK = YES;
				CLANG_WARN_BLOCK_CAPTURE_AUTORELEASING = YES;
				CLANG_WARN_BOOL_CONVERSION = YES;
				CLANG_WARN_COMMA = YES;
				CLANG_WARN_CONSTANT_CONVERSION = YES;
				CLANG_WARN_DEPRECATED_OBJC_IMPLEMENTATIONS = YES;
				CLANG_WARN_DIRECT_OBJC_ISA_USAGE = YES_ERROR;
				CLANG_WARN_DOCUMENTATION_COMMENTS = YES;
				CLANG_WARN_EMPTY_BODY = YES;
				CLANG_WARN_ENUM_CONVERSION = YES;
				CLANG_WARN_INFINITE_RECURSION = YES;
				CLANG_WARN_INT_CONVERSION = YES;
				CLANG_WARN_NON_LITERAL_NULL_CONVERSION = YES;
				CLANG_WARN_OBJC_IMPLICIT_RETAIN_SELF = YES;
				CLANG_WARN_OBJC_LITERAL_CONVERSION = YES;
				CLANG_WARN_OBJC_ROOT_CLASS = YES_ERROR;
				CLANG_WARN_QUOTED_INCLUDE_IN_FRAMEWORK_HEADER = YES;
				CLANG_WARN_RANGE_LOOP_ANALYSIS = YES;
				CLANG_WARN_STRICT_PROTOTYPES = YES;
				CLANG_WARN_SUSPICIOUS_MOVE = YES;
				CLANG_WARN_UNGUARDED_AVAILABILITY = YES_AGGRESSIVE;
				CLANG_WARN_UNREACHABLE_CODE = YES;
				CLANG_WARN__DUPLICATE_METHOD_MATCH = YES;
				COPY_PHASE_STRIP = NO;
				DEBUG_INFORMATION_FORMAT = "dwarf-with-dsym";
				ENABLE_NS_ASSERTIONS = NO;
				ENABLE_STRICT_OBJC_MSGSEND = YES;
				GCC_C_LANGUAGE_STANDARD = gnu11;
				GCC_NO_COMMON_BLOCKS = YES;
				GCC_WARN_64_TO_32_BIT_CONVERSION = YES;
				GCC_WARN_ABOUT_RETURN_TYPE = YES_ERROR;
				GCC_WARN_UNDECLARED_SELECTOR = YES;
				GCC_WARN_UNINITIALIZED_AUTOS = YES_AGGRESSIVE;
				GCC_WARN_UNUSED_FUNCTION = YES;
				GCC_WARN_UNUSED_VARIABLE = YES;
				IPHONEOS_DEPLOYMENT_TARGET = 15.0;
				MTL_ENABLE_DEBUG_INFO = NO;
				MTL_FAST_MATH = YES;
				SDKROOT = iphoneos;
				SWIFT_COMPILATION_MODE = wholemodule;
				SWIFT_OPTIMIZATION_LEVEL = "-O";
				VALIDATE_PRODUCT = YES;
			};
			name = Release;
		};
		D7A923D529603B4A0057ECA1 /* Debug */ = {
			isa = XCBuildConfiguration;
			buildSettings = {
				ASSETCATALOG_COMPILER_APPICON_NAME = AppIcon;
				ASSETCATALOG_COMPILER_GLOBAL_ACCENT_COLOR_NAME = AccentColor;
				CODE_SIGN_STYLE = Automatic;
				CURRENT_PROJECT_VERSION = 1;
				DEVELOPMENT_ASSET_PATHS = "\"dexter/Preview Content\"";
				DEVELOPMENT_TEAM = K47PNHVPSK;
				ENABLE_PREVIEWS = YES;
				GENERATE_INFOPLIST_FILE = YES;
				INFOPLIST_KEY_CFBundleDisplayName = Dexter;
				INFOPLIST_KEY_LSApplicationCategoryType = "public.app-category.education";
				INFOPLIST_KEY_UIApplicationSceneManifest_Generation = YES;
				INFOPLIST_KEY_UIApplicationSupportsIndirectInputEvents = YES;
				INFOPLIST_KEY_UILaunchScreen_Generation = YES;
				INFOPLIST_KEY_UISupportedInterfaceOrientations = UIInterfaceOrientationPortrait;
				IPHONEOS_DEPLOYMENT_TARGET = 15.6;
				LD_RUNPATH_SEARCH_PATHS = (
					"$(inherited)",
					"@executable_path/Frameworks",
				);
				MARKETING_VERSION = 1.0;
				PRODUCT_BUNDLE_IDENTIFIER = com.galtrapecar.dexter;
				PRODUCT_NAME = "$(TARGET_NAME)";
				SWIFT_EMIT_LOC_STRINGS = YES;
				SWIFT_VERSION = 5.0;
				TARGETED_DEVICE_FAMILY = "1,2";
			};
			name = Debug;
		};
		D7A923D629603B4A0057ECA1 /* Release */ = {
			isa = XCBuildConfiguration;
			buildSettings = {
				ASSETCATALOG_COMPILER_APPICON_NAME = AppIcon;
				ASSETCATALOG_COMPILER_GLOBAL_ACCENT_COLOR_NAME = AccentColor;
				CODE_SIGN_STYLE = Automatic;
				CURRENT_PROJECT_VERSION = 1;
				DEVELOPMENT_ASSET_PATHS = "\"dexter/Preview Content\"";
				DEVELOPMENT_TEAM = K47PNHVPSK;
				ENABLE_PREVIEWS = YES;
				GENERATE_INFOPLIST_FILE = YES;
				INFOPLIST_KEY_CFBundleDisplayName = Dexter;
				INFOPLIST_KEY_LSApplicationCategoryType = "public.app-category.education";
				INFOPLIST_KEY_UIApplicationSceneManifest_Generation = YES;
				INFOPLIST_KEY_UIApplicationSupportsIndirectInputEvents = YES;
				INFOPLIST_KEY_UILaunchScreen_Generation = YES;
				INFOPLIST_KEY_UISupportedInterfaceOrientations = UIInterfaceOrientationPortrait;
				IPHONEOS_DEPLOYMENT_TARGET = 15.6;
				LD_RUNPATH_SEARCH_PATHS = (
					"$(inherited)",
					"@executable_path/Frameworks",
				);
				MARKETING_VERSION = 1.0;
				PRODUCT_BUNDLE_IDENTIFIER = com.galtrapecar.dexter;
				PRODUCT_NAME = "$(TARGET_NAME)";
				SWIFT_EMIT_LOC_STRINGS = YES;
				SWIFT_VERSION = 5.0;
				TARGETED_DEVICE_FAMILY = "1,2";
			};
			name = Release;
		};
/* End XCBuildConfiguration section */

/* Begin XCConfigurationList section */
		D7A923C129603B490057ECA1 /* Build configuration list for PBXProject "dexter" */ = {
			isa = XCConfigurationList;
			buildConfigurations = (
				D7A923D229603B4A0057ECA1 /* Debug */,
				D7A923D329603B4A0057ECA1 /* Release */,
			);
			defaultConfigurationIsVisible = 0;
			defaultConfigurationName = Release;
		};
		D7A923D429603B4A0057ECA1 /* Build configuration list for PBXNativeTarget "dexter" */ = {
			isa = XCConfigurationList;
			buildConfigurations = (
				D7A923D529603B4A0057ECA1 /* Debug */,
				D7A923D629603B4A0057ECA1 /* Release */,
			);
			defaultConfigurationIsVisible = 0;
			defaultConfigurationName = Release;
		};
/* End XCConfigurationList section */

/* Begin XCRemoteSwiftPackageReference section */
		49C23DE7297098D50039F961 /* XCRemoteSwiftPackageReference "firebase-ios-sdk" */ = {
			isa = XCRemoteSwiftPackageReference;
			repositoryURL = "https://github.com/firebase/firebase-ios-sdk";
			requirement = {
				kind = upToNextMajorVersion;
				minimumVersion = 9.0.0;
			};
		};
		D72E3DE729699B1900656D7D /* XCRemoteSwiftPackageReference "TabBar" */ = {
			isa = XCRemoteSwiftPackageReference;
			repositoryURL = "https://github.com/onl1ner/TabBar.git";
			requirement = {
				kind = upToNextMajorVersion;
				minimumVersion = 1.0.0;
			};
		};
/* End XCRemoteSwiftPackageReference section */

/* Begin XCSwiftPackageProductDependency section */
		49C23DE92970B2910039F961 /* FirebaseAuth */ = {
			isa = XCSwiftPackageProductDependency;
			package = 49C23DE7297098D50039F961 /* XCRemoteSwiftPackageReference "firebase-ios-sdk" */;
			productName = FirebaseAuth;
		};
		49C23DEB2970B2970039F961 /* FirebaseFirestore */ = {
			isa = XCSwiftPackageProductDependency;
			package = 49C23DE7297098D50039F961 /* XCRemoteSwiftPackageReference "firebase-ios-sdk" */;
			productName = FirebaseFirestore;
		};
		49C23DED2970B29E0039F961 /* FirebaseFirestoreSwift */ = {
			isa = XCSwiftPackageProductDependency;
			package = 49C23DE7297098D50039F961 /* XCRemoteSwiftPackageReference "firebase-ios-sdk" */;
			productName = FirebaseFirestoreSwift;
		};
		D72E3DE829699B1900656D7D /* TabBar */ = {
			isa = XCSwiftPackageProductDependency;
			package = D72E3DE729699B1900656D7D /* XCRemoteSwiftPackageReference "TabBar" */;
			productName = TabBar;
		};
/* End XCSwiftPackageProductDependency section */
	};
	rootObject = D7A923BE29603B490057ECA1 /* Project object */;
}
